// !$*UTF8*$!
{
	archiveVersion = 1;
	classes = {
	};
	objectVersion = 46;
	objects = {

/* Begin PBXBuildFile section */
		272BAC8B18C6F03A007F02EA /* YSColorTakerViewController.m in Sources */ = {isa = PBXBuildFile; fileRef = 272BAC8A18C6F03A007F02EA /* YSColorTakerViewController.m */; };
		2765968018E6F53200396977 /* YSPortfolioViewController.m in Sources */ = {isa = PBXBuildFile; fileRef = 2765967F18E6F53200396977 /* YSPortfolioViewController.m */; };
		2765968518E6F5A100396977 /* np1.png in Resources */ = {isa = PBXBuildFile; fileRef = 2765968118E6F5A100396977 /* np1.png */; };
		2765968618E6F5A100396977 /* np2.png in Resources */ = {isa = PBXBuildFile; fileRef = 2765968218E6F5A100396977 /* np2.png */; };
		2765968718E6F5A100396977 /* np3.png in Resources */ = {isa = PBXBuildFile; fileRef = 2765968318E6F5A100396977 /* np3.png */; };
		2765968818E6F5A100396977 /* npbtn.png in Resources */ = {isa = PBXBuildFile; fileRef = 2765968418E6F5A100396977 /* npbtn.png */; };
		2766B92818E9726E00E1CFDF /* bg.png in Resources */ = {isa = PBXBuildFile; fileRef = 2766B92718E9726E00E1CFDF /* bg.png */; };
		2766B92B18E9729700E1CFDF /* light-mask.png in Resources */ = {isa = PBXBuildFile; fileRef = 2766B92918E9729700E1CFDF /* light-mask.png */; };
		2766B92C18E9729700E1CFDF /* pocket-mask.png in Resources */ = {isa = PBXBuildFile; fileRef = 2766B92A18E9729700E1CFDF /* pocket-mask.png */; };
		2766B93718E973D700E1CFDF /* Button-c-g.png in Resources */ = {isa = PBXBuildFile; fileRef = 2766B92D18E973D700E1CFDF /* Button-c-g.png */; };
		2766B93818E973D700E1CFDF /* Button-c-l.png in Resources */ = {isa = PBXBuildFile; fileRef = 2766B92E18E973D700E1CFDF /* Button-c-l.png */; };
		2766B93918E973D700E1CFDF /* Button-m-g.png in Resources */ = {isa = PBXBuildFile; fileRef = 2766B92F18E973D700E1CFDF /* Button-m-g.png */; };
		2766B93A18E973D700E1CFDF /* Button-m-l.png in Resources */ = {isa = PBXBuildFile; fileRef = 2766B93018E973D700E1CFDF /* Button-m-l.png */; };
		2766B93B18E973D700E1CFDF /* Button-n-g.png in Resources */ = {isa = PBXBuildFile; fileRef = 2766B93118E973D700E1CFDF /* Button-n-g.png */; };
		2766B93C18E973D700E1CFDF /* Button-n-l.png in Resources */ = {isa = PBXBuildFile; fileRef = 2766B93218E973D700E1CFDF /* Button-n-l.png */; };
		2766B93D18E973D700E1CFDF /* Button-p-g.png in Resources */ = {isa = PBXBuildFile; fileRef = 2766B93318E973D700E1CFDF /* Button-p-g.png */; };
		2766B93E18E973D700E1CFDF /* Button-p-l.png in Resources */ = {isa = PBXBuildFile; fileRef = 2766B93418E973D700E1CFDF /* Button-p-l.png */; };
		2766B93F18E973D700E1CFDF /* Button-pocket-g.png in Resources */ = {isa = PBXBuildFile; fileRef = 2766B93518E973D700E1CFDF /* Button-pocket-g.png */; };
		2766B94018E973D700E1CFDF /* Button-pocket-l.png in Resources */ = {isa = PBXBuildFile; fileRef = 2766B93618E973D700E1CFDF /* Button-pocket-l.png */; };
		2766B94418E97F2600E1CFDF /* np-bsn.png in Resources */ = {isa = PBXBuildFile; fileRef = 2766B94118E97F2600E1CFDF /* np-bsn.png */; };
		2766B94518E97F2600E1CFDF /* np-rapoo.png in Resources */ = {isa = PBXBuildFile; fileRef = 2766B94218E97F2600E1CFDF /* np-rapoo.png */; };
		2766B94618E97F2600E1CFDF /* np-t.png in Resources */ = {isa = PBXBuildFile; fileRef = 2766B94318E97F2600E1CFDF /* np-t.png */; };
		2766B94818E99A6C00E1CFDF /* color-left.png in Resources */ = {isa = PBXBuildFile; fileRef = 2766B94718E99A6C00E1CFDF /* color-left.png */; };
		2766B94A18E99A7700E1CFDF /* color-c.png in Resources */ = {isa = PBXBuildFile; fileRef = 2766B94918E99A7700E1CFDF /* color-c.png */; };
		2766B94C18E99BE300E1CFDF /* color-head.png in Resources */ = {isa = PBXBuildFile; fileRef = 2766B94B18E99BE300E1CFDF /* color-head.png */; };
		2766B95A18E99C8F00E1CFDF /* 1_03.png in Resources */ = {isa = PBXBuildFile; fileRef = 2766B94D18E99C8F00E1CFDF /* 1_03.png */; };
		2766B95B18E99C8F00E1CFDF /* 2_03.png in Resources */ = {isa = PBXBuildFile; fileRef = 2766B94E18E99C8F00E1CFDF /* 2_03.png */; };
		2766B95C18E99C8F00E1CFDF /* 3_03.png in Resources */ = {isa = PBXBuildFile; fileRef = 2766B94F18E99C8F00E1CFDF /* 3_03.png */; };
		2766B95D18E99C8F00E1CFDF /* 4_03.png in Resources */ = {isa = PBXBuildFile; fileRef = 2766B95018E99C8F00E1CFDF /* 4_03.png */; };
		2766B95E18E99C8F00E1CFDF /* 5_03.png in Resources */ = {isa = PBXBuildFile; fileRef = 2766B95118E99C8F00E1CFDF /* 5_03.png */; };
		2766B95F18E99C8F00E1CFDF /* 6_03.png in Resources */ = {isa = PBXBuildFile; fileRef = 2766B95218E99C8F00E1CFDF /* 6_03.png */; };
		2766B96018E99C8F00E1CFDF /* 7_03.png in Resources */ = {isa = PBXBuildFile; fileRef = 2766B95318E99C8F00E1CFDF /* 7_03.png */; };
		2766B96118E99C8F00E1CFDF /* 8_03.png in Resources */ = {isa = PBXBuildFile; fileRef = 2766B95418E99C8F00E1CFDF /* 8_03.png */; };
		2766B96218E99C8F00E1CFDF /* 9_03.png in Resources */ = {isa = PBXBuildFile; fileRef = 2766B95518E99C8F00E1CFDF /* 9_03.png */; };
		2766B96318E99C8F00E1CFDF /* 10_03.png in Resources */ = {isa = PBXBuildFile; fileRef = 2766B95618E99C8F00E1CFDF /* 10_03.png */; };
		2766B96418E99C8F00E1CFDF /* 11_03.png in Resources */ = {isa = PBXBuildFile; fileRef = 2766B95718E99C8F00E1CFDF /* 11_03.png */; };
		2766B96518E99C8F00E1CFDF /* 12_03.png in Resources */ = {isa = PBXBuildFile; fileRef = 2766B95818E99C8F00E1CFDF /* 12_03.png */; };
		2766B96618E99C8F00E1CFDF /* 13_03.png in Resources */ = {isa = PBXBuildFile; fileRef = 2766B95918E99C8F00E1CFDF /* 13_03.png */; };
		2766B96C18E9A57500E1CFDF /* UIImagePickerController+OrientationFix.m in Sources */ = {isa = PBXBuildFile; fileRef = 2766B96B18E9A57500E1CFDF /* UIImagePickerController+OrientationFix.m */; };
		27713CFD18C4EAC000D1B1F7 /* main.m in Sources */ = {isa = PBXBuildFile; fileRef = 27713CFB18C4EAC000D1B1F7 /* main.m */; };
		27713CFF18C4EAE400D1B1F7 /* YSViewController.m in Sources */ = {isa = PBXBuildFile; fileRef = 27713CFE18C4EAE400D1B1F7 /* YSViewController.m */; };
		2786424718C0A9AF0007C586 /* Foundation.framework in Frameworks */ = {isa = PBXBuildFile; fileRef = 2786424618C0A9AF0007C586 /* Foundation.framework */; };
		2786424918C0A9AF0007C586 /* CoreGraphics.framework in Frameworks */ = {isa = PBXBuildFile; fileRef = 2786424818C0A9AF0007C586 /* CoreGraphics.framework */; };
		2786424B18C0A9AF0007C586 /* UIKit.framework in Frameworks */ = {isa = PBXBuildFile; fileRef = 2786424A18C0A9AF0007C586 /* UIKit.framework */; };
		2786425118C0A9AF0007C586 /* InfoPlist.strings in Resources */ = {isa = PBXBuildFile; fileRef = 2786424F18C0A9AF0007C586 /* InfoPlist.strings */; };
		2786425718C0A9AF0007C586 /* YSAppDelegate.m in Sources */ = {isa = PBXBuildFile; fileRef = 2786425618C0A9AF0007C586 /* YSAppDelegate.m */; };
		2786425A18C0A9AF0007C586 /* Main.storyboard in Resources */ = {isa = PBXBuildFile; fileRef = 2786425818C0A9AF0007C586 /* Main.storyboard */; };
		2786425F18C0A9AF0007C586 /* Images.xcassets in Resources */ = {isa = PBXBuildFile; fileRef = 2786425E18C0A9AF0007C586 /* Images.xcassets */; };
		2786426618C0A9B00007C586 /* XCTest.framework in Frameworks */ = {isa = PBXBuildFile; fileRef = 2786426518C0A9B00007C586 /* XCTest.framework */; };
		2786426718C0A9B00007C586 /* Foundation.framework in Frameworks */ = {isa = PBXBuildFile; fileRef = 2786424618C0A9AF0007C586 /* Foundation.framework */; };
		2786426818C0A9B00007C586 /* UIKit.framework in Frameworks */ = {isa = PBXBuildFile; fileRef = 2786424A18C0A9AF0007C586 /* UIKit.framework */; };
		2786427018C0A9B00007C586 /* InfoPlist.strings in Resources */ = {isa = PBXBuildFile; fileRef = 2786426E18C0A9B00007C586 /* InfoPlist.strings */; };
		2786427218C0A9B00007C586 /* designer_utilityTests.m in Sources */ = {isa = PBXBuildFile; fileRef = 2786427118C0A9B00007C586 /* designer_utilityTests.m */; };
		278B8B3D18EFC90D00048AD1 /* YSDetailViewController.m in Sources */ = {isa = PBXBuildFile; fileRef = 278B8B3C18EFC90D00048AD1 /* YSDetailViewController.m */; };
		278B8B4318EFCABD00048AD1 /* 1-1.png in Resources */ = {isa = PBXBuildFile; fileRef = 278B8B3E18EFCABD00048AD1 /* 1-1.png */; };
		278B8B4418EFCABD00048AD1 /* 1-2.png in Resources */ = {isa = PBXBuildFile; fileRef = 278B8B3F18EFCABD00048AD1 /* 1-2.png */; };
		278B8B4518EFCABD00048AD1 /* 1-3.png in Resources */ = {isa = PBXBuildFile; fileRef = 278B8B4018EFCABD00048AD1 /* 1-3.png */; };
		278B8B4618EFCABD00048AD1 /* 1-4.png in Resources */ = {isa = PBXBuildFile; fileRef = 278B8B4118EFCABD00048AD1 /* 1-4.png */; };
		278B8B4718EFCABD00048AD1 /* 1-5.png in Resources */ = {isa = PBXBuildFile; fileRef = 278B8B4218EFCABD00048AD1 /* 1-5.png */; };
		278B8B4918EFCF6F00048AD1 /* Button-back.png in Resources */ = {isa = PBXBuildFile; fileRef = 278B8B4818EFCF6F00048AD1 /* Button-back.png */; };
		278B8B5518EFD04400048AD1 /* 2-1.png in Resources */ = {isa = PBXBuildFile; fileRef = 278B8B4A18EFD04400048AD1 /* 2-1.png */; };
		278B8B5618EFD04400048AD1 /* 2-2.png in Resources */ = {isa = PBXBuildFile; fileRef = 278B8B4B18EFD04400048AD1 /* 2-2.png */; };
		278B8B5718EFD04400048AD1 /* 2-3.png in Resources */ = {isa = PBXBuildFile; fileRef = 278B8B4C18EFD04400048AD1 /* 2-3.png */; };
		278B8B5818EFD04400048AD1 /* 2-4.png in Resources */ = {isa = PBXBuildFile; fileRef = 278B8B4D18EFD04400048AD1 /* 2-4.png */; };
		278B8B5918EFD04400048AD1 /* 3-1.ai in Resources */ = {isa = PBXBuildFile; fileRef = 278B8B4E18EFD04400048AD1 /* 3-1.ai */; };
		278B8B5A18EFD04400048AD1 /* 3-1.png in Resources */ = {isa = PBXBuildFile; fileRef = 278B8B4F18EFD04400048AD1 /* 3-1.png */; };
		278B8B5B18EFD04400048AD1 /* 3-2.png in Resources */ = {isa = PBXBuildFile; fileRef = 278B8B5018EFD04400048AD1 /* 3-2.png */; };
		278B8B5C18EFD04400048AD1 /* 3-3.png in Resources */ = {isa = PBXBuildFile; fileRef = 278B8B5118EFD04400048AD1 /* 3-3.png */; };
		278B8B5D18EFD04400048AD1 /* 3-4.png in Resources */ = {isa = PBXBuildFile; fileRef = 278B8B5218EFD04400048AD1 /* 3-4.png */; };
		278B8B5E18EFD04400048AD1 /* 3-5.png in Resources */ = {isa = PBXBuildFile; fileRef = 278B8B5318EFD04400048AD1 /* 3-5.png */; };
		278B8B5F18EFD04400048AD1 /* 3-6.png in Resources */ = {isa = PBXBuildFile; fileRef = 278B8B5418EFD04400048AD1 /* 3-6.png */; };
		27968BDE18EA8D4700A805CC /* 1-c.png in Resources */ = {isa = PBXBuildFile; fileRef = 27968BD018EA8D4700A805CC /* 1-c.png */; };
		27968BDF18EA8D4700A805CC /* 2-c.png in Resources */ = {isa = PBXBuildFile; fileRef = 27968BD118EA8D4700A805CC /* 2-c.png */; };
		27968BE018EA8D4700A805CC /* 3-c.png in Resources */ = {isa = PBXBuildFile; fileRef = 27968BD218EA8D4700A805CC /* 3-c.png */; };
		27968BE118EA8D4700A805CC /* 4-c.png in Resources */ = {isa = PBXBuildFile; fileRef = 27968BD318EA8D4700A805CC /* 4-c.png */; };
		27968BE218EA8D4700A805CC /* 5-c.png in Resources */ = {isa = PBXBuildFile; fileRef = 27968BD418EA8D4700A805CC /* 5-c.png */; };
		27968BE318EA8D4700A805CC /* 6-c.png in Resources */ = {isa = PBXBuildFile; fileRef = 27968BD518EA8D4700A805CC /* 6-c.png */; };
		27968BE418EA8D4700A805CC /* 7-c.png in Resources */ = {isa = PBXBuildFile; fileRef = 27968BD618EA8D4700A805CC /* 7-c.png */; };
		27968BE518EA8D4700A805CC /* 8-c.png in Resources */ = {isa = PBXBuildFile; fileRef = 27968BD718EA8D4700A805CC /* 8-c.png */; };
		27968BE618EA8D4700A805CC /* 9-c.png in Resources */ = {isa = PBXBuildFile; fileRef = 27968BD818EA8D4700A805CC /* 9-c.png */; };
		27968BE718EA8D4700A805CC /* 10-c.png in Resources */ = {isa = PBXBuildFile; fileRef = 27968BD918EA8D4700A805CC /* 10-c.png */; };
		27968BE818EA8D4700A805CC /* 11-c.png in Resources */ = {isa = PBXBuildFile; fileRef = 27968BDA18EA8D4700A805CC /* 11-c.png */; };
		27968BE918EA8D4700A805CC /* 12-c.png in Resources */ = {isa = PBXBuildFile; fileRef = 27968BDB18EA8D4700A805CC /* 12-c.png */; };
		27968BEA18EA8D4700A805CC /* 13-c.png in Resources */ = {isa = PBXBuildFile; fileRef = 27968BDC18EA8D4700A805CC /* 13-c.png */; };
		27968BEB18EA8D4700A805CC /* 14-c.png in Resources */ = {isa = PBXBuildFile; fileRef = 27968BDD18EA8D4700A805CC /* 14-c.png */; };
		27968BFA18EA8D5800A805CC /* 1-o.png in Resources */ = {isa = PBXBuildFile; fileRef = 27968BEC18EA8D5800A805CC /* 1-o.png */; };
		27968BFB18EA8D5800A805CC /* 2-o.png in Resources */ = {isa = PBXBuildFile; fileRef = 27968BED18EA8D5800A805CC /* 2-o.png */; };
		27968BFC18EA8D5800A805CC /* 3-o.png in Resources */ = {isa = PBXBuildFile; fileRef = 27968BEE18EA8D5800A805CC /* 3-o.png */; };
		27968BFD18EA8D5800A805CC /* 4-o.png in Resources */ = {isa = PBXBuildFile; fileRef = 27968BEF18EA8D5800A805CC /* 4-o.png */; };
		27968BFE18EA8D5800A805CC /* 5-o.png in Resources */ = {isa = PBXBuildFile; fileRef = 27968BF018EA8D5800A805CC /* 5-o.png */; };
		27968BFF18EA8D5800A805CC /* 6-o.png in Resources */ = {isa = PBXBuildFile; fileRef = 27968BF118EA8D5800A805CC /* 6-o.png */; };
		27968C0018EA8D5800A805CC /* 7-o.png in Resources */ = {isa = PBXBuildFile; fileRef = 27968BF218EA8D5800A805CC /* 7-o.png */; };
		27968C0118EA8D5800A805CC /* 8-o.png in Resources */ = {isa = PBXBuildFile; fileRef = 27968BF318EA8D5800A805CC /* 8-o.png */; };
		27968C0218EA8D5800A805CC /* 9-o.png in Resources */ = {isa = PBXBuildFile; fileRef = 27968BF418EA8D5800A805CC /* 9-o.png */; };
		27968C0318EA8D5800A805CC /* 10-o.png in Resources */ = {isa = PBXBuildFile; fileRef = 27968BF518EA8D5800A805CC /* 10-o.png */; };
		27968C0418EA8D5800A805CC /* 11-o.png in Resources */ = {isa = PBXBuildFile; fileRef = 27968BF618EA8D5800A805CC /* 11-o.png */; };
		27968C0518EA8D5800A805CC /* 12-o.png in Resources */ = {isa = PBXBuildFile; fileRef = 27968BF718EA8D5800A805CC /* 12-o.png */; };
		27968C0618EA8D5800A805CC /* 13-o.png in Resources */ = {isa = PBXBuildFile; fileRef = 27968BF818EA8D5800A805CC /* 13-o.png */; };
		27968C0718EA8D5800A805CC /* 14-o.png in Resources */ = {isa = PBXBuildFile; fileRef = 27968BF918EA8D5800A805CC /* 14-o.png */; };
		27968C0B18EA970D00A805CC /* c.png in Resources */ = {isa = PBXBuildFile; fileRef = 27968C0818EA970D00A805CC /* c.png */; };
		27968C0C18EA970D00A805CC /* h.png in Resources */ = {isa = PBXBuildFile; fileRef = 27968C0918EA970D00A805CC /* h.png */; };
		27968C0D18EA970D00A805CC /* v.png in Resources */ = {isa = PBXBuildFile; fileRef = 27968C0A18EA970D00A805CC /* v.png */; };
		27968C1918EAA2E800A805CC /* point.png in Resources */ = {isa = PBXBuildFile; fileRef = 27968C1818EAA2E800A805CC /* point.png */; };
		27968C1C18EAAEB700A805CC /* YSNotesViewController.m in Sources */ = {isa = PBXBuildFile; fileRef = 27968C1B18EAAEB700A805CC /* YSNotesViewController.m */; };
		27968C1F18EAAF4900A805CC /* notes1.png in Resources */ = {isa = PBXBuildFile; fileRef = 27968C1D18EAAF4900A805CC /* notes1.png */; };
		27968C2018EAAF4900A805CC /* notes2.png in Resources */ = {isa = PBXBuildFile; fileRef = 27968C1E18EAAF4900A805CC /* notes2.png */; };
		27968C2318EAB2D300A805CC /* f-left.png in Resources */ = {isa = PBXBuildFile; fileRef = 27968C2118EAB2D300A805CC /* f-left.png */; };
		27968C2418EAB2D300A805CC /* f-right.png in Resources */ = {isa = PBXBuildFile; fileRef = 27968C2218EAB2D300A805CC /* f-right.png */; };
		27968C2718EAB3D700A805CC /* YSMeasureViewController.m in Sources */ = {isa = PBXBuildFile; fileRef = 27968C2618EAB3D700A805CC /* YSMeasureViewController.m */; };
		2A304FFA18EFA03500470AB7 /* memo-btn.png in Resources */ = {isa = PBXBuildFile; fileRef = 2A304FF918EFA03500470AB7 /* memo-btn.png */; };
/* End PBXBuildFile section */

/* Begin PBXContainerItemProxy section */
		2786426918C0A9B00007C586 /* PBXContainerItemProxy */ = {
			isa = PBXContainerItemProxy;
			containerPortal = 2786423B18C0A9AF0007C586 /* Project object */;
			proxyType = 1;
			remoteGlobalIDString = 2786424218C0A9AF0007C586;
			remoteInfo = "designer-utility";
		};
/* End PBXContainerItemProxy section */

/* Begin PBXFileReference section */
		272BAC8918C6F03A007F02EA /* YSColorTakerViewController.h */ = {isa = PBXFileReference; fileEncoding = 4; lastKnownFileType = sourcecode.c.h; path = YSColorTakerViewController.h; sourceTree = "<group>"; };
		272BAC8A18C6F03A007F02EA /* YSColorTakerViewController.m */ = {isa = PBXFileReference; fileEncoding = 4; lastKnownFileType = sourcecode.c.objc; path = YSColorTakerViewController.m; sourceTree = "<group>"; };
		2765967E18E6F53200396977 /* YSPortfolioViewController.h */ = {isa = PBXFileReference; fileEncoding = 4; lastKnownFileType = sourcecode.c.h; path = YSPortfolioViewController.h; sourceTree = "<group>"; };
		2765967F18E6F53200396977 /* YSPortfolioViewController.m */ = {isa = PBXFileReference; fileEncoding = 4; lastKnownFileType = sourcecode.c.objc; path = YSPortfolioViewController.m; sourceTree = "<group>"; };
		2765968118E6F5A100396977 /* np1.png */ = {isa = PBXFileReference; lastKnownFileType = image.png; path = np1.png; sourceTree = "<group>"; };
		2765968218E6F5A100396977 /* np2.png */ = {isa = PBXFileReference; lastKnownFileType = image.png; path = np2.png; sourceTree = "<group>"; };
		2765968318E6F5A100396977 /* np3.png */ = {isa = PBXFileReference; lastKnownFileType = image.png; path = np3.png; sourceTree = "<group>"; };
		2765968418E6F5A100396977 /* npbtn.png */ = {isa = PBXFileReference; lastKnownFileType = image.png; path = npbtn.png; sourceTree = "<group>"; };
		2766B92718E9726E00E1CFDF /* bg.png */ = {isa = PBXFileReference; lastKnownFileType = image.png; path = bg.png; sourceTree = "<group>"; };
		2766B92918E9729700E1CFDF /* light-mask.png */ = {isa = PBXFileReference; lastKnownFileType = image.png; path = "light-mask.png"; sourceTree = "<group>"; };
		2766B92A18E9729700E1CFDF /* pocket-mask.png */ = {isa = PBXFileReference; lastKnownFileType = image.png; path = "pocket-mask.png"; sourceTree = "<group>"; };
		2766B92D18E973D700E1CFDF /* Button-c-g.png */ = {isa = PBXFileReference; lastKnownFileType = image.png; path = "Button-c-g.png"; sourceTree = "<group>"; };
		2766B92E18E973D700E1CFDF /* Button-c-l.png */ = {isa = PBXFileReference; lastKnownFileType = image.png; path = "Button-c-l.png"; sourceTree = "<group>"; };
		2766B92F18E973D700E1CFDF /* Button-m-g.png */ = {isa = PBXFileReference; lastKnownFileType = image.png; path = "Button-m-g.png"; sourceTree = "<group>"; };
		2766B93018E973D700E1CFDF /* Button-m-l.png */ = {isa = PBXFileReference; lastKnownFileType = image.png; path = "Button-m-l.png"; sourceTree = "<group>"; };
		2766B93118E973D700E1CFDF /* Button-n-g.png */ = {isa = PBXFileReference; lastKnownFileType = image.png; path = "Button-n-g.png"; sourceTree = "<group>"; };
		2766B93218E973D700E1CFDF /* Button-n-l.png */ = {isa = PBXFileReference; lastKnownFileType = image.png; path = "Button-n-l.png"; sourceTree = "<group>"; };
		2766B93318E973D700E1CFDF /* Button-p-g.png */ = {isa = PBXFileReference; lastKnownFileType = image.png; path = "Button-p-g.png"; sourceTree = "<group>"; };
		2766B93418E973D700E1CFDF /* Button-p-l.png */ = {isa = PBXFileReference; lastKnownFileType = image.png; path = "Button-p-l.png"; sourceTree = "<group>"; };
		2766B93518E973D700E1CFDF /* Button-pocket-g.png */ = {isa = PBXFileReference; lastKnownFileType = image.png; path = "Button-pocket-g.png"; sourceTree = "<group>"; };
		2766B93618E973D700E1CFDF /* Button-pocket-l.png */ = {isa = PBXFileReference; lastKnownFileType = image.png; path = "Button-pocket-l.png"; sourceTree = "<group>"; };
		2766B94118E97F2600E1CFDF /* np-bsn.png */ = {isa = PBXFileReference; lastKnownFileType = image.png; path = "np-bsn.png"; sourceTree = "<group>"; };
		2766B94218E97F2600E1CFDF /* np-rapoo.png */ = {isa = PBXFileReference; lastKnownFileType = image.png; path = "np-rapoo.png"; sourceTree = "<group>"; };
		2766B94318E97F2600E1CFDF /* np-t.png */ = {isa = PBXFileReference; lastKnownFileType = image.png; path = "np-t.png"; sourceTree = "<group>"; };
		2766B94718E99A6C00E1CFDF /* color-left.png */ = {isa = PBXFileReference; lastKnownFileType = image.png; path = "color-left.png"; sourceTree = "<group>"; };
		2766B94918E99A7700E1CFDF /* color-c.png */ = {isa = PBXFileReference; lastKnownFileType = image.png; path = "color-c.png"; sourceTree = "<group>"; };
		2766B94B18E99BE300E1CFDF /* color-head.png */ = {isa = PBXFileReference; lastKnownFileType = image.png; path = "color-head.png"; sourceTree = "<group>"; };
		2766B94D18E99C8F00E1CFDF /* 1_03.png */ = {isa = PBXFileReference; lastKnownFileType = image.png; path = 1_03.png; sourceTree = "<group>"; };
		2766B94E18E99C8F00E1CFDF /* 2_03.png */ = {isa = PBXFileReference; lastKnownFileType = image.png; path = 2_03.png; sourceTree = "<group>"; };
		2766B94F18E99C8F00E1CFDF /* 3_03.png */ = {isa = PBXFileReference; lastKnownFileType = image.png; path = 3_03.png; sourceTree = "<group>"; };
		2766B95018E99C8F00E1CFDF /* 4_03.png */ = {isa = PBXFileReference; lastKnownFileType = image.png; path = 4_03.png; sourceTree = "<group>"; };
		2766B95118E99C8F00E1CFDF /* 5_03.png */ = {isa = PBXFileReference; lastKnownFileType = image.png; path = 5_03.png; sourceTree = "<group>"; };
		2766B95218E99C8F00E1CFDF /* 6_03.png */ = {isa = PBXFileReference; lastKnownFileType = image.png; path = 6_03.png; sourceTree = "<group>"; };
		2766B95318E99C8F00E1CFDF /* 7_03.png */ = {isa = PBXFileReference; lastKnownFileType = image.png; path = 7_03.png; sourceTree = "<group>"; };
		2766B95418E99C8F00E1CFDF /* 8_03.png */ = {isa = PBXFileReference; lastKnownFileType = image.png; path = 8_03.png; sourceTree = "<group>"; };
		2766B95518E99C8F00E1CFDF /* 9_03.png */ = {isa = PBXFileReference; lastKnownFileType = image.png; path = 9_03.png; sourceTree = "<group>"; };
		2766B95618E99C8F00E1CFDF /* 10_03.png */ = {isa = PBXFileReference; lastKnownFileType = image.png; path = 10_03.png; sourceTree = "<group>"; };
		2766B95718E99C8F00E1CFDF /* 11_03.png */ = {isa = PBXFileReference; lastKnownFileType = image.png; path = 11_03.png; sourceTree = "<group>"; };
		2766B95818E99C8F00E1CFDF /* 12_03.png */ = {isa = PBXFileReference; lastKnownFileType = image.png; path = 12_03.png; sourceTree = "<group>"; };
		2766B95918E99C8F00E1CFDF /* 13_03.png */ = {isa = PBXFileReference; lastKnownFileType = image.png; path = 13_03.png; sourceTree = "<group>"; };
		2766B96A18E9A57500E1CFDF /* UIImagePickerController+OrientationFix.h */ = {isa = PBXFileReference; fileEncoding = 4; lastKnownFileType = sourcecode.c.h; path = "UIImagePickerController+OrientationFix.h"; sourceTree = "<group>"; };
		2766B96B18E9A57500E1CFDF /* UIImagePickerController+OrientationFix.m */ = {isa = PBXFileReference; fileEncoding = 4; lastKnownFileType = sourcecode.c.objc; path = "UIImagePickerController+OrientationFix.m"; sourceTree = "<group>"; };
		27713CFA18C4EAC000D1B1F7 /* designer-utility-Prefix.pch */ = {isa = PBXFileReference; fileEncoding = 4; lastKnownFileType = sourcecode.c.h; path = "designer-utility-Prefix.pch"; sourceTree = "<group>"; };
		27713CFB18C4EAC000D1B1F7 /* main.m */ = {isa = PBXFileReference; fileEncoding = 4; lastKnownFileType = sourcecode.c.objc; path = main.m; sourceTree = "<group>"; };
		27713CFE18C4EAE400D1B1F7 /* YSViewController.m */ = {isa = PBXFileReference; fileEncoding = 4; lastKnownFileType = sourcecode.c.objc; path = YSViewController.m; sourceTree = "<group>"; };
		2786424318C0A9AF0007C586 /* designer-utility.app */ = {isa = PBXFileReference; explicitFileType = wrapper.application; includeInIndex = 0; path = "designer-utility.app"; sourceTree = BUILT_PRODUCTS_DIR; };
		2786424618C0A9AF0007C586 /* Foundation.framework */ = {isa = PBXFileReference; lastKnownFileType = wrapper.framework; name = Foundation.framework; path = System/Library/Frameworks/Foundation.framework; sourceTree = SDKROOT; };
		2786424818C0A9AF0007C586 /* CoreGraphics.framework */ = {isa = PBXFileReference; lastKnownFileType = wrapper.framework; name = CoreGraphics.framework; path = System/Library/Frameworks/CoreGraphics.framework; sourceTree = SDKROOT; };
		2786424A18C0A9AF0007C586 /* UIKit.framework */ = {isa = PBXFileReference; lastKnownFileType = wrapper.framework; name = UIKit.framework; path = System/Library/Frameworks/UIKit.framework; sourceTree = SDKROOT; };
		2786424E18C0A9AF0007C586 /* designer-utility-Info.plist */ = {isa = PBXFileReference; lastKnownFileType = text.plist.xml; path = "designer-utility-Info.plist"; sourceTree = "<group>"; };
		2786425018C0A9AF0007C586 /* en */ = {isa = PBXFileReference; lastKnownFileType = text.plist.strings; name = en; path = en.lproj/InfoPlist.strings; sourceTree = "<group>"; };
		2786425518C0A9AF0007C586 /* YSAppDelegate.h */ = {isa = PBXFileReference; lastKnownFileType = sourcecode.c.h; path = YSAppDelegate.h; sourceTree = "<group>"; };
		2786425618C0A9AF0007C586 /* YSAppDelegate.m */ = {isa = PBXFileReference; lastKnownFileType = sourcecode.c.objc; path = YSAppDelegate.m; sourceTree = "<group>"; };
		2786425918C0A9AF0007C586 /* Base */ = {isa = PBXFileReference; lastKnownFileType = file.storyboard; name = Base; path = Base.lproj/Main.storyboard; sourceTree = "<group>"; };
		2786425B18C0A9AF0007C586 /* YSViewController.h */ = {isa = PBXFileReference; lastKnownFileType = sourcecode.c.h; path = YSViewController.h; sourceTree = "<group>"; };
		2786425E18C0A9AF0007C586 /* Images.xcassets */ = {isa = PBXFileReference; lastKnownFileType = folder.assetcatalog; path = Images.xcassets; sourceTree = "<group>"; };
		2786426418C0A9B00007C586 /* designer-utilityTests.xctest */ = {isa = PBXFileReference; explicitFileType = wrapper.cfbundle; includeInIndex = 0; path = "designer-utilityTests.xctest"; sourceTree = BUILT_PRODUCTS_DIR; };
		2786426518C0A9B00007C586 /* XCTest.framework */ = {isa = PBXFileReference; lastKnownFileType = wrapper.framework; name = XCTest.framework; path = Library/Frameworks/XCTest.framework; sourceTree = DEVELOPER_DIR; };
		2786426D18C0A9B00007C586 /* designer-utilityTests-Info.plist */ = {isa = PBXFileReference; lastKnownFileType = text.plist.xml; path = "designer-utilityTests-Info.plist"; sourceTree = "<group>"; };
		2786426F18C0A9B00007C586 /* en */ = {isa = PBXFileReference; lastKnownFileType = text.plist.strings; name = en; path = en.lproj/InfoPlist.strings; sourceTree = "<group>"; };
		2786427118C0A9B00007C586 /* designer_utilityTests.m */ = {isa = PBXFileReference; lastKnownFileType = sourcecode.c.objc; path = designer_utilityTests.m; sourceTree = "<group>"; };
		278B8B3B18EFC90D00048AD1 /* YSDetailViewController.h */ = {isa = PBXFileReference; fileEncoding = 4; lastKnownFileType = sourcecode.c.h; path = YSDetailViewController.h; sourceTree = "<group>"; };
		278B8B3C18EFC90D00048AD1 /* YSDetailViewController.m */ = {isa = PBXFileReference; fileEncoding = 4; lastKnownFileType = sourcecode.c.objc; path = YSDetailViewController.m; sourceTree = "<group>"; };
		278B8B3E18EFCABD00048AD1 /* 1-1.png */ = {isa = PBXFileReference; lastKnownFileType = image.png; path = "1-1.png"; sourceTree = "<group>"; };
		278B8B3F18EFCABD00048AD1 /* 1-2.png */ = {isa = PBXFileReference; lastKnownFileType = image.png; path = "1-2.png"; sourceTree = "<group>"; };
		278B8B4018EFCABD00048AD1 /* 1-3.png */ = {isa = PBXFileReference; lastKnownFileType = image.png; path = "1-3.png"; sourceTree = "<group>"; };
		278B8B4118EFCABD00048AD1 /* 1-4.png */ = {isa = PBXFileReference; lastKnownFileType = image.png; path = "1-4.png"; sourceTree = "<group>"; };
		278B8B4218EFCABD00048AD1 /* 1-5.png */ = {isa = PBXFileReference; lastKnownFileType = image.png; path = "1-5.png"; sourceTree = "<group>"; };
		278B8B4818EFCF6F00048AD1 /* Button-back.png */ = {isa = PBXFileReference; lastKnownFileType = image.png; path = "Button-back.png"; sourceTree = "<group>"; };
		278B8B4A18EFD04400048AD1 /* 2-1.png */ = {isa = PBXFileReference; lastKnownFileType = image.png; path = "2-1.png"; sourceTree = "<group>"; };
		278B8B4B18EFD04400048AD1 /* 2-2.png */ = {isa = PBXFileReference; lastKnownFileType = image.png; path = "2-2.png"; sourceTree = "<group>"; };
		278B8B4C18EFD04400048AD1 /* 2-3.png */ = {isa = PBXFileReference; lastKnownFileType = image.png; path = "2-3.png"; sourceTree = "<group>"; };
		278B8B4D18EFD04400048AD1 /* 2-4.png */ = {isa = PBXFileReference; lastKnownFileType = image.png; path = "2-4.png"; sourceTree = "<group>"; };
		278B8B4E18EFD04400048AD1 /* 3-1.ai */ = {isa = PBXFileReference; fileEncoding = 4; lastKnownFileType = text; path = "3-1.ai"; sourceTree = "<group>"; };
		278B8B4F18EFD04400048AD1 /* 3-1.png */ = {isa = PBXFileReference; lastKnownFileType = image.png; path = "3-1.png"; sourceTree = "<group>"; };
		278B8B5018EFD04400048AD1 /* 3-2.png */ = {isa = PBXFileReference; lastKnownFileType = image.png; path = "3-2.png"; sourceTree = "<group>"; };
		278B8B5118EFD04400048AD1 /* 3-3.png */ = {isa = PBXFileReference; lastKnownFileType = image.png; path = "3-3.png"; sourceTree = "<group>"; };
		278B8B5218EFD04400048AD1 /* 3-4.png */ = {isa = PBXFileReference; lastKnownFileType = image.png; path = "3-4.png"; sourceTree = "<group>"; };
		278B8B5318EFD04400048AD1 /* 3-5.png */ = {isa = PBXFileReference; lastKnownFileType = image.png; path = "3-5.png"; sourceTree = "<group>"; };
		278B8B5418EFD04400048AD1 /* 3-6.png */ = {isa = PBXFileReference; lastKnownFileType = image.png; path = "3-6.png"; sourceTree = "<group>"; };
		27968BD018EA8D4700A805CC /* 1-c.png */ = {isa = PBXFileReference; lastKnownFileType = image.png; path = "1-c.png"; sourceTree = "<group>"; };
		27968BD118EA8D4700A805CC /* 2-c.png */ = {isa = PBXFileReference; lastKnownFileType = image.png; path = "2-c.png"; sourceTree = "<group>"; };
		27968BD218EA8D4700A805CC /* 3-c.png */ = {isa = PBXFileReference; lastKnownFileType = image.png; path = "3-c.png"; sourceTree = "<group>"; };
		27968BD318EA8D4700A805CC /* 4-c.png */ = {isa = PBXFileReference; lastKnownFileType = image.png; path = "4-c.png"; sourceTree = "<group>"; };
		27968BD418EA8D4700A805CC /* 5-c.png */ = {isa = PBXFileReference; lastKnownFileType = image.png; path = "5-c.png"; sourceTree = "<group>"; };
		27968BD518EA8D4700A805CC /* 6-c.png */ = {isa = PBXFileReference; lastKnownFileType = image.png; path = "6-c.png"; sourceTree = "<group>"; };
		27968BD618EA8D4700A805CC /* 7-c.png */ = {isa = PBXFileReference; lastKnownFileType = image.png; path = "7-c.png"; sourceTree = "<group>"; };
		27968BD718EA8D4700A805CC /* 8-c.png */ = {isa = PBXFileReference; lastKnownFileType = image.png; path = "8-c.png"; sourceTree = "<group>"; };
		27968BD818EA8D4700A805CC /* 9-c.png */ = {isa = PBXFileReference; lastKnownFileType = image.png; path = "9-c.png"; sourceTree = "<group>"; };
		27968BD918EA8D4700A805CC /* 10-c.png */ = {isa = PBXFileReference; lastKnownFileType = image.png; path = "10-c.png"; sourceTree = "<group>"; };
		27968BDA18EA8D4700A805CC /* 11-c.png */ = {isa = PBXFileReference; lastKnownFileType = image.png; path = "11-c.png"; sourceTree = "<group>"; };
		27968BDB18EA8D4700A805CC /* 12-c.png */ = {isa = PBXFileReference; lastKnownFileType = image.png; path = "12-c.png"; sourceTree = "<group>"; };
		27968BDC18EA8D4700A805CC /* 13-c.png */ = {isa = PBXFileReference; lastKnownFileType = image.png; path = "13-c.png"; sourceTree = "<group>"; };
		27968BDD18EA8D4700A805CC /* 14-c.png */ = {isa = PBXFileReference; lastKnownFileType = image.png; path = "14-c.png"; sourceTree = "<group>"; };
		27968BEC18EA8D5800A805CC /* 1-o.png */ = {isa = PBXFileReference; lastKnownFileType = image.png; path = "1-o.png"; sourceTree = "<group>"; };
		27968BED18EA8D5800A805CC /* 2-o.png */ = {isa = PBXFileReference; lastKnownFileType = image.png; path = "2-o.png"; sourceTree = "<group>"; };
		27968BEE18EA8D5800A805CC /* 3-o.png */ = {isa = PBXFileReference; lastKnownFileType = image.png; path = "3-o.png"; sourceTree = "<group>"; };
		27968BEF18EA8D5800A805CC /* 4-o.png */ = {isa = PBXFileReference; lastKnownFileType = image.png; path = "4-o.png"; sourceTree = "<group>"; };
		27968BF018EA8D5800A805CC /* 5-o.png */ = {isa = PBXFileReference; lastKnownFileType = image.png; path = "5-o.png"; sourceTree = "<group>"; };
		27968BF118EA8D5800A805CC /* 6-o.png */ = {isa = PBXFileReference; lastKnownFileType = image.png; path = "6-o.png"; sourceTree = "<group>"; };
		27968BF218EA8D5800A805CC /* 7-o.png */ = {isa = PBXFileReference; lastKnownFileType = image.png; path = "7-o.png"; sourceTree = "<group>"; };
		27968BF318EA8D5800A805CC /* 8-o.png */ = {isa = PBXFileReference; lastKnownFileType = image.png; path = "8-o.png"; sourceTree = "<group>"; };
		27968BF418EA8D5800A805CC /* 9-o.png */ = {isa = PBXFileReference; lastKnownFileType = image.png; path = "9-o.png"; sourceTree = "<group>"; };
		27968BF518EA8D5800A805CC /* 10-o.png */ = {isa = PBXFileReference; lastKnownFileType = image.png; path = "10-o.png"; sourceTree = "<group>"; };
		27968BF618EA8D5800A805CC /* 11-o.png */ = {isa = PBXFileReference; lastKnownFileType = image.png; path = "11-o.png"; sourceTree = "<group>"; };
		27968BF718EA8D5800A805CC /* 12-o.png */ = {isa = PBXFileReference; lastKnownFileType = image.png; path = "12-o.png"; sourceTree = "<group>"; };
		27968BF818EA8D5800A805CC /* 13-o.png */ = {isa = PBXFileReference; lastKnownFileType = image.png; path = "13-o.png"; sourceTree = "<group>"; };
		27968BF918EA8D5800A805CC /* 14-o.png */ = {isa = PBXFileReference; lastKnownFileType = image.png; path = "14-o.png"; sourceTree = "<group>"; };
		27968C0818EA970D00A805CC /* c.png */ = {isa = PBXFileReference; lastKnownFileType = image.png; path = c.png; sourceTree = "<group>"; };
		27968C0918EA970D00A805CC /* h.png */ = {isa = PBXFileReference; lastKnownFileType = image.png; path = h.png; sourceTree = "<group>"; };
		27968C0A18EA970D00A805CC /* v.png */ = {isa = PBXFileReference; lastKnownFileType = image.png; path = v.png; sourceTree = "<group>"; };
		27968C1818EAA2E800A805CC /* point.png */ = {isa = PBXFileReference; lastKnownFileType = image.png; path = point.png; sourceTree = "<group>"; };
		27968C1A18EAAEB700A805CC /* YSNotesViewController.h */ = {isa = PBXFileReference; fileEncoding = 4; lastKnownFileType = sourcecode.c.h; path = YSNotesViewController.h; sourceTree = "<group>"; };
		27968C1B18EAAEB700A805CC /* YSNotesViewController.m */ = {isa = PBXFileReference; fileEncoding = 4; lastKnownFileType = sourcecode.c.objc; path = YSNotesViewController.m; sourceTree = "<group>"; };
		27968C1D18EAAF4900A805CC /* notes1.png */ = {isa = PBXFileReference; lastKnownFileType = image.png; path = notes1.png; sourceTree = "<group>"; };
		27968C1E18EAAF4900A805CC /* notes2.png */ = {isa = PBXFileReference; lastKnownFileType = image.png; path = notes2.png; sourceTree = "<group>"; };
		27968C2118EAB2D300A805CC /* f-left.png */ = {isa = PBXFileReference; lastKnownFileType = image.png; path = "f-left.png"; sourceTree = "<group>"; };
		27968C2218EAB2D300A805CC /* f-right.png */ = {isa = PBXFileReference; lastKnownFileType = image.png; path = "f-right.png"; sourceTree = "<group>"; };
		27968C2518EAB3D700A805CC /* YSMeasureViewController.h */ = {isa = PBXFileReference; fileEncoding = 4; lastKnownFileType = sourcecode.c.h; path = YSMeasureViewController.h; sourceTree = "<group>"; };
		27968C2618EAB3D700A805CC /* YSMeasureViewController.m */ = {isa = PBXFileReference; fileEncoding = 4; lastKnownFileType = sourcecode.c.objc; path = YSMeasureViewController.m; sourceTree = "<group>"; };
		2A304FF918EFA03500470AB7 /* memo-btn.png */ = {isa = PBXFileReference; lastKnownFileType = image.png; path = "memo-btn.png"; sourceTree = "<group>"; };
/* End PBXFileReference section */

/* Begin PBXFrameworksBuildPhase section */
		2786424018C0A9AF0007C586 /* Frameworks */ = {
			isa = PBXFrameworksBuildPhase;
			buildActionMask = 2147483647;
			files = (
				2786424918C0A9AF0007C586 /* CoreGraphics.framework in Frameworks */,
				2786424B18C0A9AF0007C586 /* UIKit.framework in Frameworks */,
				2786424718C0A9AF0007C586 /* Foundation.framework in Frameworks */,
			);
			runOnlyForDeploymentPostprocessing = 0;
		};
		2786426118C0A9B00007C586 /* Frameworks */ = {
			isa = PBXFrameworksBuildPhase;
			buildActionMask = 2147483647;
			files = (
				2786426618C0A9B00007C586 /* XCTest.framework in Frameworks */,
				2786426818C0A9B00007C586 /* UIKit.framework in Frameworks */,
				2786426718C0A9B00007C586 /* Foundation.framework in Frameworks */,
			);
			runOnlyForDeploymentPostprocessing = 0;
		};
/* End PBXFrameworksBuildPhase section */

/* Begin PBXGroup section */
		2786423A18C0A9AF0007C586 = {
			isa = PBXGroup;
			children = (
				2786424C18C0A9AF0007C586 /* designer-utility */,
				2786426B18C0A9B00007C586 /* designer-utilityTests */,
				2786424518C0A9AF0007C586 /* Frameworks */,
				2786424418C0A9AF0007C586 /* Products */,
			);
			sourceTree = "<group>";
		};
		2786424418C0A9AF0007C586 /* Products */ = {
			isa = PBXGroup;
			children = (
				2786424318C0A9AF0007C586 /* designer-utility.app */,
				2786426418C0A9B00007C586 /* designer-utilityTests.xctest */,
			);
			name = Products;
			sourceTree = "<group>";
		};
		2786424518C0A9AF0007C586 /* Frameworks */ = {
			isa = PBXGroup;
			children = (
				2786424618C0A9AF0007C586 /* Foundation.framework */,
				2786424818C0A9AF0007C586 /* CoreGraphics.framework */,
				2786424A18C0A9AF0007C586 /* UIKit.framework */,
				2786426518C0A9B00007C586 /* XCTest.framework */,
			);
			name = Frameworks;
			sourceTree = "<group>";
		};
		2786424C18C0A9AF0007C586 /* designer-utility */ = {
			isa = PBXGroup;
			children = (
				2786425518C0A9AF0007C586 /* YSAppDelegate.h */,
				2786425618C0A9AF0007C586 /* YSAppDelegate.m */,
				2786425818C0A9AF0007C586 /* Main.storyboard */,
				278B8B3B18EFC90D00048AD1 /* YSDetailViewController.h */,
				278B8B3C18EFC90D00048AD1 /* YSDetailViewController.m */,
				2786425B18C0A9AF0007C586 /* YSViewController.h */,
				27713CFE18C4EAE400D1B1F7 /* YSViewController.m */,
				272BAC8918C6F03A007F02EA /* YSColorTakerViewController.h */,
				272BAC8A18C6F03A007F02EA /* YSColorTakerViewController.m */,
				2765967E18E6F53200396977 /* YSPortfolioViewController.h */,
				2765967F18E6F53200396977 /* YSPortfolioViewController.m */,
				2766B96A18E9A57500E1CFDF /* UIImagePickerController+OrientationFix.h */,
				2766B96B18E9A57500E1CFDF /* UIImagePickerController+OrientationFix.m */,
				27968C1A18EAAEB700A805CC /* YSNotesViewController.h */,
				27968C1B18EAAEB700A805CC /* YSNotesViewController.m */,
				27968C2518EAB3D700A805CC /* YSMeasureViewController.h */,
				27968C2618EAB3D700A805CC /* YSMeasureViewController.m */,
				2786425E18C0A9AF0007C586 /* Images.xcassets */,
				27CA055B18C0D5D800E70FE9 /* Images */,
				2786424D18C0A9AF0007C586 /* Supporting Files */,
			);
			path = "designer-utility";
			sourceTree = "<group>";
		};
		2786424D18C0A9AF0007C586 /* Supporting Files */ = {
			isa = PBXGroup;
			children = (
				27713CFA18C4EAC000D1B1F7 /* designer-utility-Prefix.pch */,
				27713CFB18C4EAC000D1B1F7 /* main.m */,
				2786424E18C0A9AF0007C586 /* designer-utility-Info.plist */,
				2786424F18C0A9AF0007C586 /* InfoPlist.strings */,
			);
			name = "Supporting Files";
			sourceTree = "<group>";
		};
		2786426B18C0A9B00007C586 /* designer-utilityTests */ = {
			isa = PBXGroup;
			children = (
				2786427118C0A9B00007C586 /* designer_utilityTests.m */,
				2786426C18C0A9B00007C586 /* Supporting Files */,
			);
			path = "designer-utilityTests";
			sourceTree = "<group>";
		};
		2786426C18C0A9B00007C586 /* Supporting Files */ = {
			isa = PBXGroup;
			children = (
				2786426D18C0A9B00007C586 /* designer-utilityTests-Info.plist */,
				2786426E18C0A9B00007C586 /* InfoPlist.strings */,
			);
			name = "Supporting Files";
			sourceTree = "<group>";
		};
		27CA055B18C0D5D800E70FE9 /* Images */ = {
			isa = PBXGroup;
			children = (
				278B8B4A18EFD04400048AD1 /* 2-1.png */,
				278B8B4B18EFD04400048AD1 /* 2-2.png */,
				278B8B4C18EFD04400048AD1 /* 2-3.png */,
				278B8B4D18EFD04400048AD1 /* 2-4.png */,
				278B8B4E18EFD04400048AD1 /* 3-1.ai */,
				278B8B4F18EFD04400048AD1 /* 3-1.png */,
				278B8B5018EFD04400048AD1 /* 3-2.png */,
				278B8B5118EFD04400048AD1 /* 3-3.png */,
				278B8B5218EFD04400048AD1 /* 3-4.png */,
				278B8B5318EFD04400048AD1 /* 3-5.png */,
				278B8B5418EFD04400048AD1 /* 3-6.png */,
				278B8B4818EFCF6F00048AD1 /* Button-back.png */,
				278B8B3E18EFCABD00048AD1 /* 1-1.png */,
				278B8B3F18EFCABD00048AD1 /* 1-2.png */,
				278B8B4018EFCABD00048AD1 /* 1-3.png */,
				278B8B4118EFCABD00048AD1 /* 1-4.png */,
				278B8B4218EFCABD00048AD1 /* 1-5.png */,
				27968BD018EA8D4700A805CC /* 1-c.png */,
				27968BEC18EA8D5800A805CC /* 1-o.png */,
				27968BD918EA8D4700A805CC /* 10-c.png */,
				27968BF518EA8D5800A805CC /* 10-o.png */,
				2766B95618E99C8F00E1CFDF /* 10_03.png */,
				27968BDA18EA8D4700A805CC /* 11-c.png */,
				27968BF618EA8D5800A805CC /* 11-o.png */,
				2766B95718E99C8F00E1CFDF /* 11_03.png */,
				27968BDB18EA8D4700A805CC /* 12-c.png */,
				27968BF718EA8D5800A805CC /* 12-o.png */,
				2766B95818E99C8F00E1CFDF /* 12_03.png */,
				27968BDC18EA8D4700A805CC /* 13-c.png */,
				27968BF818EA8D5800A805CC /* 13-o.png */,
				2766B95918E99C8F00E1CFDF /* 13_03.png */,
				27968BDD18EA8D4700A805CC /* 14-c.png */,
				27968BF918EA8D5800A805CC /* 14-o.png */,
				2766B94D18E99C8F00E1CFDF /* 1_03.png */,
				27968BD118EA8D4700A805CC /* 2-c.png */,
				27968BED18EA8D5800A805CC /* 2-o.png */,
				2766B94E18E99C8F00E1CFDF /* 2_03.png */,
				27968BD218EA8D4700A805CC /* 3-c.png */,
				27968BEE18EA8D5800A805CC /* 3-o.png */,
				2766B94F18E99C8F00E1CFDF /* 3_03.png */,
				27968BD318EA8D4700A805CC /* 4-c.png */,
				27968BEF18EA8D5800A805CC /* 4-o.png */,
				2766B95018E99C8F00E1CFDF /* 4_03.png */,
				27968BD418EA8D4700A805CC /* 5-c.png */,
				27968BF018EA8D5800A805CC /* 5-o.png */,
				2766B95118E99C8F00E1CFDF /* 5_03.png */,
				27968BD518EA8D4700A805CC /* 6-c.png */,
				27968BF118EA8D5800A805CC /* 6-o.png */,
				2766B95218E99C8F00E1CFDF /* 6_03.png */,
				27968BD618EA8D4700A805CC /* 7-c.png */,
				27968BF218EA8D5800A805CC /* 7-o.png */,
				2766B95318E99C8F00E1CFDF /* 7_03.png */,
				27968BD718EA8D4700A805CC /* 8-c.png */,
				27968BF318EA8D5800A805CC /* 8-o.png */,
				2766B95418E99C8F00E1CFDF /* 8_03.png */,
				27968BD818EA8D4700A805CC /* 9-c.png */,
				27968BF418EA8D5800A805CC /* 9-o.png */,
				2766B95518E99C8F00E1CFDF /* 9_03.png */,
				2766B92718E9726E00E1CFDF /* bg.png */,
				2766B92D18E973D700E1CFDF /* Button-c-g.png */,
				2766B92E18E973D700E1CFDF /* Button-c-l.png */,
				2766B92F18E973D700E1CFDF /* Button-m-g.png */,
				2766B93018E973D700E1CFDF /* Button-m-l.png */,
				2766B93118E973D700E1CFDF /* Button-n-g.png */,
				2766B93218E973D700E1CFDF /* Button-n-l.png */,
				2766B93318E973D700E1CFDF /* Button-p-g.png */,
				2766B93418E973D700E1CFDF /* Button-p-l.png */,
				2766B93518E973D700E1CFDF /* Button-pocket-g.png */,
				2766B93618E973D700E1CFDF /* Button-pocket-l.png */,
				27968C0818EA970D00A805CC /* c.png */,
				2766B94918E99A7700E1CFDF /* color-c.png */,
				2766B94B18E99BE300E1CFDF /* color-head.png */,
				2766B94718E99A6C00E1CFDF /* color-left.png */,
				27968C2118EAB2D300A805CC /* f-left.png */,
				27968C2218EAB2D300A805CC /* f-right.png */,
				27968C0918EA970D00A805CC /* h.png */,
				2766B92918E9729700E1CFDF /* light-mask.png */,
				2A304FF918EFA03500470AB7 /* memo-btn.png */,
				27968C1D18EAAF4900A805CC /* notes1.png */,
				27968C1E18EAAF4900A805CC /* notes2.png */,
				2766B94118E97F2600E1CFDF /* np-bsn.png */,
				2766B94218E97F2600E1CFDF /* np-rapoo.png */,
				2766B94318E97F2600E1CFDF /* np-t.png */,
				2765968118E6F5A100396977 /* np1.png */,
				2765968218E6F5A100396977 /* np2.png */,
				2765968318E6F5A100396977 /* np3.png */,
				2765968418E6F5A100396977 /* npbtn.png */,
				2766B92A18E9729700E1CFDF /* pocket-mask.png */,
				27968C1818EAA2E800A805CC /* point.png */,
				27968C0A18EA970D00A805CC /* v.png */,
			);
			path = Images;
			sourceTree = "<group>";
		};
/* End PBXGroup section */

/* Begin PBXNativeTarget section */
		2786424218C0A9AF0007C586 /* designer-utility */ = {
			isa = PBXNativeTarget;
			buildConfigurationList = 2786427518C0A9B00007C586 /* Build configuration list for PBXNativeTarget "designer-utility" */;
			buildPhases = (
				2786423F18C0A9AF0007C586 /* Sources */,
				2786424018C0A9AF0007C586 /* Frameworks */,
				2786424118C0A9AF0007C586 /* Resources */,
			);
			buildRules = (
			);
			dependencies = (
			);
			name = "designer-utility";
			productName = "designer-utility";
			productReference = 2786424318C0A9AF0007C586 /* designer-utility.app */;
			productType = "com.apple.product-type.application";
		};
		2786426318C0A9B00007C586 /* designer-utilityTests */ = {
			isa = PBXNativeTarget;
			buildConfigurationList = 2786427818C0A9B00007C586 /* Build configuration list for PBXNativeTarget "designer-utilityTests" */;
			buildPhases = (
				2786426018C0A9B00007C586 /* Sources */,
				2786426118C0A9B00007C586 /* Frameworks */,
				2786426218C0A9B00007C586 /* Resources */,
			);
			buildRules = (
			);
			dependencies = (
				2786426A18C0A9B00007C586 /* PBXTargetDependency */,
			);
			name = "designer-utilityTests";
			productName = "designer-utilityTests";
			productReference = 2786426418C0A9B00007C586 /* designer-utilityTests.xctest */;
			productType = "com.apple.product-type.bundle.unit-test";
		};
/* End PBXNativeTarget section */

/* Begin PBXProject section */
		2786423B18C0A9AF0007C586 /* Project object */ = {
			isa = PBXProject;
			attributes = {
				CLASSPREFIX = YS;
				LastUpgradeCheck = 0500;
				ORGANIZATIONNAME = "Yecol Studio";
				TargetAttributes = {
					2786424218C0A9AF0007C586 = {
						DevelopmentTeam = 4CXSQ34PG6;
					};
					2786426318C0A9B00007C586 = {
						TestTargetID = 2786424218C0A9AF0007C586;
					};
				};
			};
			buildConfigurationList = 2786423E18C0A9AF0007C586 /* Build configuration list for PBXProject "designer-utility" */;
			compatibilityVersion = "Xcode 3.2";
			developmentRegion = English;
			hasScannedForEncodings = 0;
			knownRegions = (
				en,
				Base,
			);
			mainGroup = 2786423A18C0A9AF0007C586;
			productRefGroup = 2786424418C0A9AF0007C586 /* Products */;
			projectDirPath = "";
			projectRoot = "";
			targets = (
				2786424218C0A9AF0007C586 /* designer-utility */,
				2786426318C0A9B00007C586 /* designer-utilityTests */,
			);
		};
/* End PBXProject section */

/* Begin PBXResourcesBuildPhase section */
		2786424118C0A9AF0007C586 /* Resources */ = {
			isa = PBXResourcesBuildPhase;
			buildActionMask = 2147483647;
			files = (
				27968BE118EA8D4700A805CC /* 4-c.png in Resources */,
				2766B96018E99C8F00E1CFDF /* 7_03.png in Resources */,
				2766B95A18E99C8F00E1CFDF /* 1_03.png in Resources */,
				27968BE618EA8D4700A805CC /* 9-c.png in Resources */,
				2766B93B18E973D700E1CFDF /* Button-n-g.png in Resources */,
				2766B96518E99C8F00E1CFDF /* 12_03.png in Resources */,
				2766B93E18E973D700E1CFDF /* Button-p-l.png in Resources */,
				278B8B4318EFCABD00048AD1 /* 1-1.png in Resources */,
				27968BEA18EA8D4700A805CC /* 13-c.png in Resources */,
				27968BE718EA8D4700A805CC /* 10-c.png in Resources */,
				27968BFA18EA8D5800A805CC /* 1-o.png in Resources */,
				27968BE318EA8D4700A805CC /* 6-c.png in Resources */,
				2766B95E18E99C8F00E1CFDF /* 5_03.png in Resources */,
				27968BDF18EA8D4700A805CC /* 2-c.png in Resources */,
				278B8B4918EFCF6F00048AD1 /* Button-back.png in Resources */,
				2766B96118E99C8F00E1CFDF /* 8_03.png in Resources */,
				278B8B5518EFD04400048AD1 /* 2-1.png in Resources */,
				2766B93C18E973D700E1CFDF /* Button-n-l.png in Resources */,
				27968BE418EA8D4700A805CC /* 7-c.png in Resources */,
				278B8B5918EFD04400048AD1 /* 3-1.ai in Resources */,
				2766B96418E99C8F00E1CFDF /* 11_03.png in Resources */,
				2766B96218E99C8F00E1CFDF /* 9_03.png in Resources */,
				2A304FFA18EFA03500470AB7 /* memo-btn.png in Resources */,
				2765968518E6F5A100396977 /* np1.png in Resources */,
				27968BDE18EA8D4700A805CC /* 1-c.png in Resources */,
				27968BFB18EA8D5800A805CC /* 2-o.png in Resources */,
				27968BE518EA8D4700A805CC /* 8-c.png in Resources */,
				278B8B5A18EFD04400048AD1 /* 3-1.png in Resources */,
				27968C0518EA8D5800A805CC /* 12-o.png in Resources */,
				2786425F18C0A9AF0007C586 /* Images.xcassets in Resources */,
				27968BE218EA8D4700A805CC /* 5-c.png in Resources */,
				27968BFF18EA8D5800A805CC /* 6-o.png in Resources */,
				278B8B4618EFCABD00048AD1 /* 1-4.png in Resources */,
				2766B92B18E9729700E1CFDF /* light-mask.png in Resources */,
				27968BFE18EA8D5800A805CC /* 5-o.png in Resources */,
				27968C0318EA8D5800A805CC /* 10-o.png in Resources */,
				2766B95B18E99C8F00E1CFDF /* 2_03.png in Resources */,
				2786425118C0A9AF0007C586 /* InfoPlist.strings in Resources */,
				2766B93A18E973D700E1CFDF /* Button-m-l.png in Resources */,
				2766B93918E973D700E1CFDF /* Button-m-g.png in Resources */,
				2786425A18C0A9AF0007C586 /* Main.storyboard in Resources */,
				27968BFD18EA8D5800A805CC /* 4-o.png in Resources */,
				27968BE818EA8D4700A805CC /* 11-c.png in Resources */,
				2765968618E6F5A100396977 /* np2.png in Resources */,
				2766B93F18E973D700E1CFDF /* Button-pocket-g.png in Resources */,
				278B8B5D18EFD04400048AD1 /* 3-4.png in Resources */,
				278B8B5818EFD04400048AD1 /* 2-4.png in Resources */,
				27968C0718EA8D5800A805CC /* 14-o.png in Resources */,
				278B8B4518EFCABD00048AD1 /* 1-3.png in Resources */,
				2766B93D18E973D700E1CFDF /* Button-p-g.png in Resources */,
				2766B94518E97F2600E1CFDF /* np-rapoo.png in Resources */,
				2766B92C18E9729700E1CFDF /* pocket-mask.png in Resources */,
				278B8B5C18EFD04400048AD1 /* 3-3.png in Resources */,
				27968C0118EA8D5800A805CC /* 8-o.png in Resources */,
				27968BE918EA8D4700A805CC /* 12-c.png in Resources */,
				27968C0218EA8D5800A805CC /* 9-o.png in Resources */,
				278B8B5618EFD04400048AD1 /* 2-2.png in Resources */,
				27968C2418EAB2D300A805CC /* f-right.png in Resources */,
				2766B93718E973D700E1CFDF /* Button-c-g.png in Resources */,
				278B8B4718EFCABD00048AD1 /* 1-5.png in Resources */,
				2766B96618E99C8F00E1CFDF /* 13_03.png in Resources */,
				27968C2018EAAF4900A805CC /* notes2.png in Resources */,
				27968C1F18EAAF4900A805CC /* notes1.png in Resources */,
				27968C2318EAB2D300A805CC /* f-left.png in Resources */,
				2766B95F18E99C8F00E1CFDF /* 6_03.png in Resources */,
				278B8B5718EFD04400048AD1 /* 2-3.png in Resources */,
				2766B94818E99A6C00E1CFDF /* color-left.png in Resources */,
				2765968818E6F5A100396977 /* npbtn.png in Resources */,
				27968C0018EA8D5800A805CC /* 7-o.png in Resources */,
				27968C0B18EA970D00A805CC /* c.png in Resources */,
				2766B94418E97F2600E1CFDF /* np-bsn.png in Resources */,
				2766B94C18E99BE300E1CFDF /* color-head.png in Resources */,
				27968BEB18EA8D4700A805CC /* 14-c.png in Resources */,
				2765968718E6F5A100396977 /* np3.png in Resources */,
				27968BE018EA8D4700A805CC /* 3-c.png in Resources */,
				2766B93818E973D700E1CFDF /* Button-c-l.png in Resources */,
				2766B94018E973D700E1CFDF /* Button-pocket-l.png in Resources */,
				278B8B5B18EFD04400048AD1 /* 3-2.png in Resources */,
				27968C0618EA8D5800A805CC /* 13-o.png in Resources */,
				278B8B4418EFCABD00048AD1 /* 1-2.png in Resources */,
				27968C0C18EA970D00A805CC /* h.png in Resources */,
				27968BFC18EA8D5800A805CC /* 3-o.png in Resources */,
				27968C0418EA8D5800A805CC /* 11-o.png in Resources */,
				278B8B5E18EFD04400048AD1 /* 3-5.png in Resources */,
				278B8B5F18EFD04400048AD1 /* 3-6.png in Resources */,
				2766B92818E9726E00E1CFDF /* bg.png in Resources */,
				2766B96318E99C8F00E1CFDF /* 10_03.png in Resources */,
				2766B94618E97F2600E1CFDF /* np-t.png in Resources */,
				27968C0D18EA970D00A805CC /* v.png in Resources */,
				27968C1918EAA2E800A805CC /* point.png in Resources */,
				2766B95D18E99C8F00E1CFDF /* 4_03.png in Resources */,
				2766B95C18E99C8F00E1CFDF /* 3_03.png in Resources */,
				2766B94A18E99A7700E1CFDF /* color-c.png in Resources */,
			);
			runOnlyForDeploymentPostprocessing = 0;
		};
		2786426218C0A9B00007C586 /* Resources */ = {
			isa = PBXResourcesBuildPhase;
			buildActionMask = 2147483647;
			files = (
				2786427018C0A9B00007C586 /* InfoPlist.strings in Resources */,
			);
			runOnlyForDeploymentPostprocessing = 0;
		};
/* End PBXResourcesBuildPhase section */

/* Begin PBXSourcesBuildPhase section */
		2786423F18C0A9AF0007C586 /* Sources */ = {
			isa = PBXSourcesBuildPhase;
			buildActionMask = 2147483647;
			files = (
				272BAC8B18C6F03A007F02EA /* YSColorTakerViewController.m in Sources */,
				27968C2718EAB3D700A805CC /* YSMeasureViewController.m in Sources */,
				27968C1C18EAAEB700A805CC /* YSNotesViewController.m in Sources */,
				2765968018E6F53200396977 /* YSPortfolioViewController.m in Sources */,
				278B8B3D18EFC90D00048AD1 /* YSDetailViewController.m in Sources */,
				27713CFF18C4EAE400D1B1F7 /* YSViewController.m in Sources */,
				2786425718C0A9AF0007C586 /* YSAppDelegate.m in Sources */,
				2766B96C18E9A57500E1CFDF /* UIImagePickerController+OrientationFix.m in Sources */,
				27713CFD18C4EAC000D1B1F7 /* main.m in Sources */,
			);
			runOnlyForDeploymentPostprocessing = 0;
		};
		2786426018C0A9B00007C586 /* Sources */ = {
			isa = PBXSourcesBuildPhase;
			buildActionMask = 2147483647;
			files = (
				2786427218C0A9B00007C586 /* designer_utilityTests.m in Sources */,
			);
			runOnlyForDeploymentPostprocessing = 0;
		};
/* End PBXSourcesBuildPhase section */

/* Begin PBXTargetDependency section */
		2786426A18C0A9B00007C586 /* PBXTargetDependency */ = {
			isa = PBXTargetDependency;
			target = 2786424218C0A9AF0007C586 /* designer-utility */;
			targetProxy = 2786426918C0A9B00007C586 /* PBXContainerItemProxy */;
		};
/* End PBXTargetDependency section */

/* Begin PBXVariantGroup section */
		2786424F18C0A9AF0007C586 /* InfoPlist.strings */ = {
			isa = PBXVariantGroup;
			children = (
				2786425018C0A9AF0007C586 /* en */,
			);
			name = InfoPlist.strings;
			sourceTree = "<group>";
		};
		2786425818C0A9AF0007C586 /* Main.storyboard */ = {
			isa = PBXVariantGroup;
			children = (
				2786425918C0A9AF0007C586 /* Base */,
			);
			name = Main.storyboard;
			sourceTree = "<group>";
		};
		2786426E18C0A9B00007C586 /* InfoPlist.strings */ = {
			isa = PBXVariantGroup;
			children = (
				2786426F18C0A9B00007C586 /* en */,
			);
			name = InfoPlist.strings;
			sourceTree = "<group>";
		};
/* End PBXVariantGroup section */

/* Begin XCBuildConfiguration section */
		2786427318C0A9B00007C586 /* Debug */ = {
			isa = XCBuildConfiguration;
			buildSettings = {
				ALWAYS_SEARCH_USER_PATHS = NO;
				ARCHS = "$(ARCHS_STANDARD_INCLUDING_64_BIT)";
				CLANG_CXX_LANGUAGE_STANDARD = "gnu++0x";
				CLANG_CXX_LIBRARY = "libc++";
				CLANG_ENABLE_MODULES = YES;
				CLANG_ENABLE_OBJC_ARC = YES;
				CLANG_WARN_BOOL_CONVERSION = YES;
				CLANG_WARN_CONSTANT_CONVERSION = YES;
				CLANG_WARN_DIRECT_OBJC_ISA_USAGE = YES_ERROR;
				CLANG_WARN_EMPTY_BODY = YES;
				CLANG_WARN_ENUM_CONVERSION = YES;
				CLANG_WARN_INT_CONVERSION = YES;
				CLANG_WARN_OBJC_ROOT_CLASS = YES_ERROR;
				CLANG_WARN__DUPLICATE_METHOD_MATCH = YES;
				"CODE_SIGN_IDENTITY[sdk=iphoneos*]" = "iPhone Developer";
				COPY_PHASE_STRIP = NO;
				GCC_C_LANGUAGE_STANDARD = gnu99;
				GCC_DYNAMIC_NO_PIC = NO;
				GCC_OPTIMIZATION_LEVEL = 0;
				GCC_PREPROCESSOR_DEFINITIONS = (
					"DEBUG=1",
					"$(inherited)",
				);
				GCC_SYMBOLS_PRIVATE_EXTERN = NO;
				GCC_WARN_64_TO_32_BIT_CONVERSION = YES;
				GCC_WARN_ABOUT_RETURN_TYPE = YES_ERROR;
				GCC_WARN_UNDECLARED_SELECTOR = YES;
				GCC_WARN_UNINITIALIZED_AUTOS = YES;
				GCC_WARN_UNUSED_FUNCTION = YES;
				GCC_WARN_UNUSED_VARIABLE = YES;
				IPHONEOS_DEPLOYMENT_TARGET = 7.0;
				ONLY_ACTIVE_ARCH = YES;
				SDKROOT = iphoneos;
				TARGETED_DEVICE_FAMILY = 2;
			};
			name = Debug;
		};
		2786427418C0A9B00007C586 /* Release */ = {
			isa = XCBuildConfiguration;
			buildSettings = {
				ALWAYS_SEARCH_USER_PATHS = NO;
				ARCHS = "$(ARCHS_STANDARD_INCLUDING_64_BIT)";
				CLANG_CXX_LANGUAGE_STANDARD = "gnu++0x";
				CLANG_CXX_LIBRARY = "libc++";
				CLANG_ENABLE_MODULES = YES;
				CLANG_ENABLE_OBJC_ARC = YES;
				CLANG_WARN_BOOL_CONVERSION = YES;
				CLANG_WARN_CONSTANT_CONVERSION = YES;
				CLANG_WARN_DIRECT_OBJC_ISA_USAGE = YES_ERROR;
				CLANG_WARN_EMPTY_BODY = YES;
				CLANG_WARN_ENUM_CONVERSION = YES;
				CLANG_WARN_INT_CONVERSION = YES;
				CLANG_WARN_OBJC_ROOT_CLASS = YES_ERROR;
				CLANG_WARN__DUPLICATE_METHOD_MATCH = YES;
				"CODE_SIGN_IDENTITY[sdk=iphoneos*]" = "iPhone Developer";
				COPY_PHASE_STRIP = YES;
				ENABLE_NS_ASSERTIONS = NO;
				GCC_C_LANGUAGE_STANDARD = gnu99;
				GCC_WARN_64_TO_32_BIT_CONVERSION = YES;
				GCC_WARN_ABOUT_RETURN_TYPE = YES_ERROR;
				GCC_WARN_UNDECLARED_SELECTOR = YES;
				GCC_WARN_UNINITIALIZED_AUTOS = YES;
				GCC_WARN_UNUSED_FUNCTION = YES;
				GCC_WARN_UNUSED_VARIABLE = YES;
				IPHONEOS_DEPLOYMENT_TARGET = 7.0;
				SDKROOT = iphoneos;
				TARGETED_DEVICE_FAMILY = 2;
				VALIDATE_PRODUCT = YES;
			};
			name = Release;
		};
		2786427618C0A9B00007C586 /* Debug */ = {
			isa = XCBuildConfiguration;
			buildSettings = {
				ASSETCATALOG_COMPILER_APPICON_NAME = AppIcon;
				ASSETCATALOG_COMPILER_LAUNCHIMAGE_NAME = LaunchImage;
				CODE_SIGN_IDENTITY = "iPhone Developer";
				"CODE_SIGN_IDENTITY[sdk=iphoneos*]" = "iPhone Developer";
				GCC_PRECOMPILE_PREFIX_HEADER = YES;
				GCC_PREFIX_HEADER = "designer-utility/designer-utility-Prefix.pch";
				INFOPLIST_FILE = "designer-utility/designer-utility-Info.plist";
				PRODUCT_NAME = "$(TARGET_NAME)";
				PROVISIONING_PROFILE = "5521922D-7A75-40A4-A183-24173A34D7B3";
				WRAPPER_EXTENSION = app;
			};
			name = Debug;
		};
		2786427718C0A9B00007C586 /* Release */ = {
			isa = XCBuildConfiguration;
			buildSettings = {
				ASSETCATALOG_COMPILER_APPICON_NAME = AppIcon;
				ASSETCATALOG_COMPILER_LAUNCHIMAGE_NAME = LaunchImage;
				CODE_SIGN_IDENTITY = "iPhone Developer";
				"CODE_SIGN_IDENTITY[sdk=iphoneos*]" = "iPhone Developer";
				GCC_PRECOMPILE_PREFIX_HEADER = YES;
				GCC_PREFIX_HEADER = "designer-utility/designer-utility-Prefix.pch";
				INFOPLIST_FILE = "designer-utility/designer-utility-Info.plist";
				PRODUCT_NAME = "$(TARGET_NAME)";
				PROVISIONING_PROFILE = "5521922D-7A75-40A4-A183-24173A34D7B3";
				WRAPPER_EXTENSION = app;
			};
			name = Release;
		};
		2786427918C0A9B00007C586 /* Debug */ = {
			isa = XCBuildConfiguration;
			buildSettings = {
				ARCHS = "$(ARCHS_STANDARD_INCLUDING_64_BIT)";
				BUNDLE_LOADER = "$(BUILT_PRODUCTS_DIR)/designer-utility.app/designer-utility";
				FRAMEWORK_SEARCH_PATHS = (
					"$(SDKROOT)/Developer/Library/Frameworks",
					"$(inherited)",
					"$(DEVELOPER_FRAMEWORKS_DIR)",
				);
				GCC_PRECOMPILE_PREFIX_HEADER = YES;
				GCC_PREFIX_HEADER = "designer-utility/designer-utility-Prefix.pch";
				GCC_PREPROCESSOR_DEFINITIONS = (
					"DEBUG=1",
					"$(inherited)",
				);
				INFOPLIST_FILE = "designer-utilityTests/designer-utilityTests-Info.plist";
				PRODUCT_NAME = "$(TARGET_NAME)";
				TEST_HOST = "$(BUNDLE_LOADER)";
				WRAPPER_EXTENSION = xctest;
			};
			name = Debug;
		};
		2786427A18C0A9B00007C586 /* Release */ = {
			isa = XCBuildConfiguration;
			buildSettings = {
				ARCHS = "$(ARCHS_STANDARD_INCLUDING_64_BIT)";
				BUNDLE_LOADER = "$(BUILT_PRODUCTS_DIR)/designer-utility.app/designer-utility";
				FRAMEWORK_SEARCH_PATHS = (
					"$(SDKROOT)/Developer/Library/Frameworks",
					"$(inherited)",
					"$(DEVELOPER_FRAMEWORKS_DIR)",
				);
				GCC_PRECOMPILE_PREFIX_HEADER = YES;
				GCC_PREFIX_HEADER = "designer-utility/designer-utility-Prefix.pch";
				INFOPLIST_FILE = "designer-utilityTests/designer-utilityTests-Info.plist";
				PRODUCT_NAME = "$(TARGET_NAME)";
				TEST_HOST = "$(BUNDLE_LOADER)";
				WRAPPER_EXTENSION = xctest;
			};
			name = Release;
		};
/* End XCBuildConfiguration section */

/* Begin XCConfigurationList section */
		2786423E18C0A9AF0007C586 /* Build configuration list for PBXProject "designer-utility" */ = {
			isa = XCConfigurationList;
			buildConfigurations = (
				2786427318C0A9B00007C586 /* Debug */,
				2786427418C0A9B00007C586 /* Release */,
			);
			defaultConfigurationIsVisible = 0;
			defaultConfigurationName = Release;
		};
		2786427518C0A9B00007C586 /* Build configuration list for PBXNativeTarget "designer-utility" */ = {
			isa = XCConfigurationList;
			buildConfigurations = (
				2786427618C0A9B00007C586 /* Debug */,
				2786427718C0A9B00007C586 /* Release */,
			);
			defaultConfigurationIsVisible = 0;
			defaultConfigurationName = Release;
		};
		2786427818C0A9B00007C586 /* Build configuration list for PBXNativeTarget "designer-utilityTests" */ = {
			isa = XCConfigurationList;
			buildConfigurations = (
				2786427918C0A9B00007C586 /* Debug */,
				2786427A18C0A9B00007C586 /* Release */,
			);
			defaultConfigurationIsVisible = 0;
			defaultConfigurationName = Release;
		};
/* End XCConfigurationList section */
	};
	rootObject = 2786423B18C0A9AF0007C586 /* Project object */;
}
